
Microsoft Visual Studio Solution File, Format Version 12.00
# Visual Studio Version 17
VisualStudioVersion = 17.7.34031.279
MinimumVisualStudioVersion = 10.0.40219.1
Project("{FAE04EC0-301F-11D3-BF4B-00C04F79EFBC}") = "PWEB_23_24", "PWEB_23_24\PWEB_23_24.csproj", "{0096F7EF-3DE4-46BF-8963-345C2B3F3F1B}"
EndProject
Global
	GlobalSection(SolutionConfigurationPlatforms) = preSolution
		Debug|Any CPU = Debug|Any CPU
		Release|Any CPU = Release|Any CPU
	EndGlobalSection
	GlobalSection(ProjectConfigurationPlatforms) = postSolution
		{0096F7EF-3DE4-46BF-8963-345C2B3F3F1B}.Debug|Any CPU.ActiveCfg = Debug|Any CPU
		{0096F7EF-3DE4-46BF-8963-345C2B3F3F1B}.Debug|Any CPU.Build.0 = Debug|Any CPU
		{0096F7EF-3DE4-46BF-8963-345C2B3F3F1B}.Release|Any CPU.ActiveCfg = Release|Any CPU
		{0096F7EF-3DE4-46BF-8963-345C2B3F3F1B}.Release|Any CPU.Build.0 = Release|Any CPU
	EndGlobalSection
	GlobalSection(SolutionProperties) = preSolution
		HideSolutionNode = FALSE
	EndGlobalSection
	GlobalSection(ExtensibilityGlobals) = postSolution
		SolutionGuid = {A647ADE9-9A6B-4BC3-82F2-C3739D85DEF2}
	EndGlobalSection
EndGlobal
