
Microsoft Visual Studio Solution File, Format Version 12.00
# Visual Studio Version 17
VisualStudioVersion = 17.7.34031.279
MinimumVisualStudioVersion = 10.0.40219.1
Project("{9A19103F-16F7-4668-BE54-9A1E7A4F7556}") = "PWEB_23_24", "PWEB_23_24\PWEB_23_24.csproj", "{75F727B2-D764-474E-9CEF-A640F4CC888D}"
EndProject
Project("{9A19103F-16F7-4668-BE54-9A1E7A4F7556}") = "TP2324", "..\TP2324\TP2324\TP2324.csproj", "{CC9B1EDF-121A-47A6-8A9F-9B30542B0F21}"
EndProject
Global
	GlobalSection(SolutionConfigurationPlatforms) = preSolution
		Debug|Any CPU = Debug|Any CPU
		Release|Any CPU = Release|Any CPU
	EndGlobalSection
	GlobalSection(ProjectConfigurationPlatforms) = postSolution
		{75F727B2-D764-474E-9CEF-A640F4CC888D}.Debug|Any CPU.ActiveCfg = Debug|Any CPU
		{75F727B2-D764-474E-9CEF-A640F4CC888D}.Debug|Any CPU.Build.0 = Debug|Any CPU
		{75F727B2-D764-474E-9CEF-A640F4CC888D}.Release|Any CPU.ActiveCfg = Release|Any CPU
		{75F727B2-D764-474E-9CEF-A640F4CC888D}.Release|Any CPU.Build.0 = Release|Any CPU
		{CC9B1EDF-121A-47A6-8A9F-9B30542B0F21}.Debug|Any CPU.ActiveCfg = Debug|Any CPU
		{CC9B1EDF-121A-47A6-8A9F-9B30542B0F21}.Debug|Any CPU.Build.0 = Debug|Any CPU
		{CC9B1EDF-121A-47A6-8A9F-9B30542B0F21}.Release|Any CPU.ActiveCfg = Release|Any CPU
		{CC9B1EDF-121A-47A6-8A9F-9B30542B0F21}.Release|Any CPU.Build.0 = Release|Any CPU
	EndGlobalSection
	GlobalSection(SolutionProperties) = preSolution
		HideSolutionNode = FALSE
	EndGlobalSection
	GlobalSection(ExtensibilityGlobals) = postSolution
		SolutionGuid = {A647ADE9-9A6B-4BC3-82F2-C3739D85DEF2}
	EndGlobalSection
EndGlobal
